
Microsoft Visual Studio Solution File, Format Version 11.00
# Visual Studio 2010
Project("{8BC9CEB8-8B4A-11D0-8D11-00A0C91BC942}") = "cdemo2", "cdemo2\cdemo2.vcxproj", "{5855C2A8-7C63-4642-B506-1AFBA19F49D7}"
EndProject
Project("{8BC9CEB8-8B4A-11D0-8D11-00A0C91BC942}") = "StructDemo", "StructDemo\StructDemo.vcxproj", "{42FD1C0C-8C13-46DB-BA7C-6E25335B9C3C}"
EndProject
Project("{8BC9CEB8-8B4A-11D0-8D11-00A0C91BC942}") = "StructDemo02", "StructDemo02\StructDemo02.vcxproj", "{61E671D4-1156-445B-A929-F517BD636415}"
EndProject
Project("{8BC9CEB8-8B4A-11D0-8D11-00A0C91BC942}") = "FileDemo01", "FileDemo01\FileDemo01.vcxproj", "{8257647E-7CF5-4769-9E44-AC2D5802CD81}"
EndProject
Project("{8BC9CEB8-8B4A-11D0-8D11-00A0C91BC942}") = "CfgDemo", "CfgDemo\CfgDemo.vcxproj", "{8ADE9A4F-FC44-453D-9277-981520EF7D0E}"
EndProject
Project("{8BC9CEB8-8B4A-11D0-8D11-00A0C91BC942}") = "FileDemo", "FileDemo\FileDemo.vcxproj", "{4B6C20C8-5781-4B48-A9FE-40F5E47DA04C}"
EndProject
Project("{8BC9CEB8-8B4A-11D0-8D11-00A0C91BC942}") = "PointerDemo", "PointerDemo\PointerDemo.vcxproj", "{E6552F04-9779-4B5A-A456-9FAA65D102E9}"
EndProject
Global
	GlobalSection(SolutionConfigurationPlatforms) = preSolution
		Debug|Win32 = Debug|Win32
		Release|Win32 = Release|Win32
	EndGlobalSection
	GlobalSection(ProjectConfigurationPlatforms) = postSolution
		{5855C2A8-7C63-4642-B506-1AFBA19F49D7}.Debug|Win32.ActiveCfg = Debug|Win32
		{5855C2A8-7C63-4642-B506-1AFBA19F49D7}.Debug|Win32.Build.0 = Debug|Win32
		{5855C2A8-7C63-4642-B506-1AFBA19F49D7}.Release|Win32.ActiveCfg = Release|Win32
		{5855C2A8-7C63-4642-B506-1AFBA19F49D7}.Release|Win32.Build.0 = Release|Win32
		{42FD1C0C-8C13-46DB-BA7C-6E25335B9C3C}.Debug|Win32.ActiveCfg = Debug|Win32
		{42FD1C0C-8C13-46DB-BA7C-6E25335B9C3C}.Debug|Win32.Build.0 = Debug|Win32
		{42FD1C0C-8C13-46DB-BA7C-6E25335B9C3C}.Release|Win32.ActiveCfg = Release|Win32
		{42FD1C0C-8C13-46DB-BA7C-6E25335B9C3C}.Release|Win32.Build.0 = Release|Win32
		{61E671D4-1156-445B-A929-F517BD636415}.Debug|Win32.ActiveCfg = Debug|Win32
		{61E671D4-1156-445B-A929-F517BD636415}.Debug|Win32.Build.0 = Debug|Win32
		{61E671D4-1156-445B-A929-F517BD636415}.Release|Win32.ActiveCfg = Release|Win32
		{61E671D4-1156-445B-A929-F517BD636415}.Release|Win32.Build.0 = Release|Win32
		{8257647E-7CF5-4769-9E44-AC2D5802CD81}.Debug|Win32.ActiveCfg = Debug|Win32
		{8257647E-7CF5-4769-9E44-AC2D5802CD81}.Debug|Win32.Build.0 = Debug|Win32
		{8257647E-7CF5-4769-9E44-AC2D5802CD81}.Release|Win32.ActiveCfg = Release|Win32
		{8257647E-7CF5-4769-9E44-AC2D5802CD81}.Release|Win32.Build.0 = Release|Win32
		{8ADE9A4F-FC44-453D-9277-981520EF7D0E}.Debug|Win32.ActiveCfg = Debug|Win32
		{8ADE9A4F-FC44-453D-9277-981520EF7D0E}.Debug|Win32.Build.0 = Debug|Win32
		{8ADE9A4F-FC44-453D-9277-981520EF7D0E}.Release|Win32.ActiveCfg = Release|Win32
		{8ADE9A4F-FC44-453D-9277-981520EF7D0E}.Release|Win32.Build.0 = Release|Win32
		{4B6C20C8-5781-4B48-A9FE-40F5E47DA04C}.Debug|Win32.ActiveCfg = Debug|Win32
		{4B6C20C8-5781-4B48-A9FE-40F5E47DA04C}.Debug|Win32.Build.0 = Debug|Win32
		{4B6C20C8-5781-4B48-A9FE-40F5E47DA04C}.Release|Win32.ActiveCfg = Release|Win32
		{4B6C20C8-5781-4B48-A9FE-40F5E47DA04C}.Release|Win32.Build.0 = Release|Win32
		{E6552F04-9779-4B5A-A456-9FAA65D102E9}.Debug|Win32.ActiveCfg = Debug|Win32
		{E6552F04-9779-4B5A-A456-9FAA65D102E9}.Debug|Win32.Build.0 = Debug|Win32
		{E6552F04-9779-4B5A-A456-9FAA65D102E9}.Release|Win32.ActiveCfg = Release|Win32
		{E6552F04-9779-4B5A-A456-9FAA65D102E9}.Release|Win32.Build.0 = Release|Win32
	EndGlobalSection
	GlobalSection(SolutionProperties) = preSolution
		HideSolutionNode = FALSE
	EndGlobalSection
EndGlobal
