<?xml version="1.0" encoding="utf-8"?>
<Project ToolsVersion="4.0" xmlns="http://schemas.microsoft.com/developer/msbuild/2003">
  <ItemGroup>
    <Filter Include="源文件">
      <UniqueIdentifier>{4FC737F1-C7A5-4376-A066-2A32D752A2FF}</UniqueIdentifier>
      <Extensions>cpp;c;cc;cxx;def;odl;idl;hpj;bat;asm;asmx</Extensions>
    </Filter>
    <Filter Include="头文件">
      <UniqueIdentifier>{93995380-89BD-4b04-88EB-625FBE52EBFB}</UniqueIdentifier>
      <Extensions>h;hpp;hxx;hm;inl;inc;xsd</Extensions>
    </Filter>
    <Filter Include="资源文件">
      <UniqueIdentifier>{67DA6AB6-F800-4c08-8B7A-83BB121AAD01}</UniqueIdentifier>
      <Extensions>rc;ico;cur;bmp;dlg;rc2;rct;bin;rgs;gif;jpg;jpeg;jpe;resx;tiff;tif;png;wav;mfcribbon-ms</Extensions>
    </Filter>
    <Filter Include="源文件\test">
      <UniqueIdentifier>{8e8c2a88-e86c-436d-904c-0c580e0ef964}</UniqueIdentifier>
    </Filter>
  </ItemGroup>
  <ItemGroup>
    <ClCompile Include="test02.c">
      <Filter>源文件</Filter>
    </ClCompile>
    <ClCompile Include="demo09.c">
      <Filter>源文件</Filter>
    </ClCompile>
    <ClCompile Include="demo10.c">
      <Filter>源文件</Filter>
    </ClCompile>
    <ClCompile Include="demo11.c">
      <Filter>源文件</Filter>
    </ClCompile>
    <ClCompile Include="demo12.c">
      <Filter>源文件</Filter>
    </ClCompile>
    <ClCompile Include="demo13.cpp">
      <Filter>源文件</Filter>
    </ClCompile>
    <ClCompile Include="test01.c">
      <Filter>源文件\test</Filter>
    </ClCompile>
    <ClCompile Include="二级指针\mydemo2.c">
      <Filter>源文件</Filter>
    </ClCompile>
    <ClCompile Include="二级指针\demo14.c">
      <Filter>源文件</Filter>
    </ClCompile>
    <ClCompile Include="二级指针\mydemo.cpp">
      <Filter>源文件</Filter>
    </ClCompile>
    <ClCompile Include="二级指针\demo15.c">
      <Filter>源文件</Filter>
    </ClCompile>
    <ClCompile Include="二级指针\demo16.c">
      <Filter>源文件</Filter>
    </ClCompile>
    <ClCompile Include="二级指针\demo17.c">
      <Filter>源文件</Filter>
    </ClCompile>
    <ClCompile Include="二级指针\demo18.c">
      <Filter>源文件</Filter>
    </ClCompile>
    <ClCompile Include="二级指针\demo20.c">
      <Filter>源文件</Filter>
    </ClCompile>
    <ClCompile Include="day04\hello02.c">
      <Filter>源文件</Filter>
    </ClCompile>
    <ClCompile Include="day04\hello03.c">
      <Filter>源文件</Filter>
    </ClCompile>
    <ClCompile Include="day04\shuzu01.c">
      <Filter>源文件</Filter>
    </ClCompile>
    <ClCompile Include="day04\shuzu02.c">
      <Filter>源文件</Filter>
    </ClCompile>
    <ClCompile Include="day04\shuzu03.c">
      <Filter>源文件</Filter>
    </ClCompile>
    <ClCompile Include="day04\shuzu04.c">
      <Filter>源文件</Filter>
    </ClCompile>
    <ClCompile Include="day04\shuzu05.c">
      <Filter>源文件</Filter>
    </ClCompile>
    <ClCompile Include="day04\shuzu06.c">
      <Filter>源文件</Filter>
    </ClCompile>
    <ClCompile Include="day04\shuzu07.c">
      <Filter>源文件</Filter>
    </ClCompile>
    <ClCompile Include="day04\shuzu08.c">
      <Filter>源文件</Filter>
    </ClCompile>
    <ClCompile Include="day04\shuzu09.c">
      <Filter>源文件</Filter>
    </ClCompile>
  </ItemGroup>
</Project>